
Microsoft Visual Studio Solution File, Format Version 12.00
# Visual Studio 15
VisualStudioVersion = 15.0.26730.10
MinimumVisualStudioVersion = 10.0.40219.1
Project("{FAE04EC0-301F-11D3-BF4B-00C04F79EFBC}") = "Lab16George", "Lab16George\Lab16George.csproj", "{4F66B8D3-58FB-4614-875C-5013AD567613}"
EndProject
Global
	GlobalSection(SolutionConfigurationPlatforms) = preSolution
		Debug|Any CPU = Debug|Any CPU
		Release|Any CPU = Release|Any CPU
	EndGlobalSection
	GlobalSection(ProjectConfigurationPlatforms) = postSolution
		{4F66B8D3-58FB-4614-875C-5013AD567613}.Debug|Any CPU.ActiveCfg = Debug|Any CPU
		{4F66B8D3-58FB-4614-875C-5013AD567613}.Debug|Any CPU.Build.0 = Debug|Any CPU
		{4F66B8D3-58FB-4614-875C-5013AD567613}.Release|Any CPU.ActiveCfg = Release|Any CPU
		{4F66B8D3-58FB-4614-875C-5013AD567613}.Release|Any CPU.Build.0 = Release|Any CPU
	EndGlobalSection
	GlobalSection(SolutionProperties) = preSolution
		HideSolutionNode = FALSE
	EndGlobalSection
	GlobalSection(ExtensibilityGlobals) = postSolution
		SolutionGuid = {6BC93465-3C57-4329-8173-26C64BCEF486}
	EndGlobalSection
EndGlobal
